
Microsoft Visual Studio Solution File, Format Version 12.00
# Visual Studio Version 17
VisualStudioVersion = 17.12.35506.116 d17.12
MinimumVisualStudioVersion = 10.0.40219.1
Project("{FAE04EC0-301F-11D3-BF4B-00C04F79EFBC}") = "MySqlApp", "MySqlApp\MySqlApp.csproj", "{B120EF90-32D7-450F-8706-6A5D71C69EEB}"
EndProject
Global
	GlobalSection(SolutionConfigurationPlatforms) = preSolution
		Debug|Any CPU = Debug|Any CPU
		Release|Any CPU = Release|Any CPU
	EndGlobalSection
	GlobalSection(ProjectConfigurationPlatforms) = postSolution
		{B120EF90-32D7-450F-8706-6A5D71C69EEB}.Debug|Any CPU.ActiveCfg = Debug|Any CPU
		{B120EF90-32D7-450F-8706-6A5D71C69EEB}.Debug|Any CPU.Build.0 = Debug|Any CPU
		{B120EF90-32D7-450F-8706-6A5D71C69EEB}.Release|Any CPU.ActiveCfg = Release|Any CPU
		{B120EF90-32D7-450F-8706-6A5D71C69EEB}.Release|Any CPU.Build.0 = Release|Any CPU
	EndGlobalSection
	GlobalSection(SolutionProperties) = preSolution
		HideSolutionNode = FALSE
	EndGlobalSection
EndGlobal
